{
  "version": 4,
  "terraform_version": "0.12.17",
  "serial": 37,
  "lineage": "63c41b21-026b-2c4a-5cde-a6cfcc4108d2",
  "outputs": {
    "cluster_name": {
      "value": "kops.lnchub.com",
      "type": "string"
    },
    "master_autoscaling_group_ids": {
      "value": [
        "master-ap-southeast-1a.masters.kops.lnchub.com"
      ],
      "type": [
        "tuple",
        [
          "string"
        ]
      ]
    },
    "master_security_group_ids": {
      "value": [
        "sg-09f243a5cabe0fcb2"
      ],
      "type": [
        "tuple",
        [
          "string"
        ]
      ]
    },
    "masters_role_arn": {
      "value": "arn:aws:iam::517778536975:role/masters.kops.lnchub.com",
      "type": "string"
    },
    "masters_role_name": {
      "value": "masters.kops.lnchub.com",
      "type": "string"
    },
    "node_autoscaling_group_ids": {
      "value": [
        "nodes.kops.lnchub.com"
      ],
      "type": [
        "tuple",
        [
          "string"
        ]
      ]
    },
    "node_security_group_ids": {
      "value": [
        "sg-0c78b0084403f7ac9"
      ],
      "type": [
        "tuple",
        [
          "string"
        ]
      ]
    },
    "node_subnet_ids": {
      "value": [
        "subnet-0f02e643572fe74a8"
      ],
      "type": [
        "tuple",
        [
          "string"
        ]
      ]
    },
    "nodes_role_arn": {
      "value": "arn:aws:iam::517778536975:role/nodes.kops.lnchub.com",
      "type": "string"
    },
    "nodes_role_name": {
      "value": "nodes.kops.lnchub.com",
      "type": "string"
    },
    "region": {
      "value": "ap-southeast-1",
      "type": "string"
    },
    "route_table_public_id": {
      "value": "rtb-0b2f3fec9137a672e",
      "type": "string"
    },
    "subnet_ap-southeast-1a_id": {
      "value": "subnet-0f02e643572fe74a8",
      "type": "string"
    },
    "vpc_cidr_block": {
      "value": "172.20.0.0/16",
      "type": "string"
    },
    "vpc_id": {
      "value": "vpc-0df976c57c399126b",
      "type": "string"
    }
  },
  "resources": [
    {
      "mode": "managed",
      "type": "aws_autoscaling_group",
      "name": "master-ap-southeast-1a-masters-kops-lnchub-com",
      "provider": "provider.aws",
      "instances": [
        {
          "schema_version": 0,
          "attributes": {
            "arn": "arn:aws:autoscaling:ap-southeast-1:517778536975:autoScalingGroup:15bf2631-d239-4076-818b-3c3848e0178b:autoScalingGroupName/master-ap-southeast-1a.masters.kops.lnchub.com",
            "availability_zones": [
              "ap-southeast-1a"
            ],
            "default_cooldown": 300,
            "desired_capacity": 1,
            "enabled_metrics": [
              "GroupDesiredCapacity",
              "GroupInServiceInstances",
              "GroupMaxSize",
              "GroupMinSize",
              "GroupPendingInstances",
              "GroupStandbyInstances",
              "GroupTerminatingInstances",
              "GroupTotalInstances"
            ],
            "force_delete": false,
            "health_check_grace_period": 300,
            "health_check_type": "EC2",
            "id": "master-ap-southeast-1a.masters.kops.lnchub.com",
            "initial_lifecycle_hook": [],
            "launch_configuration": "master-ap-southeast-1a.masters.kops.lnchub.com-20191210113322569300000002",
            "launch_template": [],
            "load_balancers": [],
            "max_instance_lifetime": 0,
            "max_size": 1,
            "metrics_granularity": "1Minute",
            "min_elb_capacity": null,
            "min_size": 1,
            "mixed_instances_policy": [],
            "name": "master-ap-southeast-1a.masters.kops.lnchub.com",
            "name_prefix": null,
            "placement_group": "",
            "protect_from_scale_in": false,
            "service_linked_role_arn": "arn:aws:iam::517778536975:role/aws-service-role/autoscaling.amazonaws.com/AWSServiceRoleForAutoScaling",
            "suspended_processes": null,
            "tag": [
              {
                "key": "KubernetesCluster",
                "propagate_at_launch": true,
                "value": "kops.lnchub.com"
              },
              {
                "key": "Name",
                "propagate_at_launch": true,
                "value": "master-ap-southeast-1a.masters.kops.lnchub.com"
              },
              {
                "key": "k8s.io/cluster-autoscaler/node-template/label/kops.k8s.io/instancegroup",
                "propagate_at_launch": true,
                "value": "master-ap-southeast-1a"
              },
              {
                "key": "k8s.io/role/master",
                "propagate_at_launch": true,
                "value": "1"
              },
              {
                "key": "kops.k8s.io/instancegroup",
                "propagate_at_launch": true,
                "value": "master-ap-southeast-1a"
              }
            ],
            "tags": null,
            "target_group_arns": [],
            "termination_policies": null,
            "timeouts": null,
            "vpc_zone_identifier": [
              "subnet-0f02e643572fe74a8"
            ],
            "wait_for_capacity_timeout": "10m",
            "wait_for_elb_capacity": null
          },
          "private": "eyJlMmJmYjczMC1lY2FhLTExZTYtOGY4OC0zNDM2M2JjN2M0YzAiOnsiZGVsZXRlIjo2MDAwMDAwMDAwMDB9fQ==",
          "dependencies": [
            "aws_iam_instance_profile.masters-kops-lnchub-com",
            "aws_iam_role.masters-kops-lnchub-com",
            "aws_key_pair.kubernetes-kops-lnchub-com-55d42b8d68bfa8c37b635fa6a057cc92",
            "aws_launch_configuration.master-ap-southeast-1a-masters-kops-lnchub-com",
            "aws_security_group.masters-kops-lnchub-com",
            "aws_subnet.ap-southeast-1a-kops-lnchub-com",
            "aws_vpc.kops-lnchub-com"
          ]
        }
      ]
    },
    {
      "mode": "managed",
      "type": "aws_autoscaling_group",
      "name": "nodes-kops-lnchub-com",
      "provider": "provider.aws",
      "instances": [
        {
          "schema_version": 0,
          "attributes": {
            "arn": "arn:aws:autoscaling:ap-southeast-1:517778536975:autoScalingGroup:2a8e2c23-fbfd-458b-b42e-360f33b70983:autoScalingGroupName/nodes.kops.lnchub.com",
            "availability_zones": [
              "ap-southeast-1a"
            ],
            "default_cooldown": 300,
            "desired_capacity": 2,
            "enabled_metrics": [
              "GroupDesiredCapacity",
              "GroupInServiceInstances",
              "GroupMaxSize",
              "GroupMinSize",
              "GroupPendingInstances",
              "GroupStandbyInstances",
              "GroupTerminatingInstances",
              "GroupTotalInstances"
            ],
            "force_delete": false,
            "health_check_grace_period": 300,
            "health_check_type": "EC2",
            "id": "nodes.kops.lnchub.com",
            "initial_lifecycle_hook": [],
            "launch_configuration": "nodes.kops.lnchub.com-20191210113321816000000001",
            "launch_template": [],
            "load_balancers": [],
            "max_instance_lifetime": 0,
            "max_size": 2,
            "metrics_granularity": "1Minute",
            "min_elb_capacity": null,
            "min_size": 2,
            "mixed_instances_policy": [],
            "name": "nodes.kops.lnchub.com",
            "name_prefix": null,
            "placement_group": "",
            "protect_from_scale_in": false,
            "service_linked_role_arn": "arn:aws:iam::517778536975:role/aws-service-role/autoscaling.amazonaws.com/AWSServiceRoleForAutoScaling",
            "suspended_processes": null,
            "tag": [
              {
                "key": "KubernetesCluster",
                "propagate_at_launch": true,
                "value": "kops.lnchub.com"
              },
              {
                "key": "Name",
                "propagate_at_launch": true,
                "value": "nodes.kops.lnchub.com"
              },
              {
                "key": "k8s.io/cluster-autoscaler/node-template/label/kops.k8s.io/instancegroup",
                "propagate_at_launch": true,
                "value": "nodes"
              },
              {
                "key": "k8s.io/role/node",
                "propagate_at_launch": true,
                "value": "1"
              },
              {
                "key": "kops.k8s.io/instancegroup",
                "propagate_at_launch": true,
                "value": "nodes"
              }
            ],
            "tags": null,
            "target_group_arns": [],
            "termination_policies": null,
            "timeouts": null,
            "vpc_zone_identifier": [
              "subnet-0f02e643572fe74a8"
            ],
            "wait_for_capacity_timeout": "10m",
            "wait_for_elb_capacity": null
          },
          "private": "eyJlMmJmYjczMC1lY2FhLTExZTYtOGY4OC0zNDM2M2JjN2M0YzAiOnsiZGVsZXRlIjo2MDAwMDAwMDAwMDB9fQ==",
          "dependencies": [
            "aws_iam_instance_profile.nodes-kops-lnchub-com",
            "aws_iam_role.nodes-kops-lnchub-com",
            "aws_key_pair.kubernetes-kops-lnchub-com-55d42b8d68bfa8c37b635fa6a057cc92",
            "aws_launch_configuration.nodes-kops-lnchub-com",
            "aws_security_group.nodes-kops-lnchub-com",
            "aws_subnet.ap-southeast-1a-kops-lnchub-com",
            "aws_vpc.kops-lnchub-com"
          ]
        }
      ]
    },
    {
      "mode": "managed",
      "type": "aws_ebs_volume",
      "name": "a-etcd-events-kops-lnchub-com",
      "provider": "provider.aws",
      "instances": [
        {
          "schema_version": 0,
          "attributes": {
            "arn": "arn:aws:ec2:ap-southeast-1:517778536975:volume/vol-0e3b43423d2d9defb",
            "availability_zone": "ap-southeast-1a",
            "encrypted": false,
            "id": "vol-0e3b43423d2d9defb",
            "iops": 100,
            "kms_key_id": "",
            "size": 20,
            "snapshot_id": "",
            "tags": {
              "KubernetesCluster": "kops.lnchub.com",
              "Name": "a.etcd-events.kops.lnchub.com",
              "k8s.io/etcd/events": "a/a",
              "k8s.io/role/master": "1",
              "kubernetes.io/cluster/kops.lnchub.com": "owned"
            },
            "type": "gp2"
          },
          "private": "bnVsbA=="
        }
      ]
    },
    {
      "mode": "managed",
      "type": "aws_ebs_volume",
      "name": "a-etcd-main-kops-lnchub-com",
      "provider": "provider.aws",
      "instances": [
        {
          "schema_version": 0,
          "attributes": {
            "arn": "arn:aws:ec2:ap-southeast-1:517778536975:volume/vol-0b44562e052efb5f4",
            "availability_zone": "ap-southeast-1a",
            "encrypted": false,
            "id": "vol-0b44562e052efb5f4",
            "iops": 100,
            "kms_key_id": "",
            "size": 20,
            "snapshot_id": "",
            "tags": {
              "KubernetesCluster": "kops.lnchub.com",
              "Name": "a.etcd-main.kops.lnchub.com",
              "k8s.io/etcd/main": "a/a",
              "k8s.io/role/master": "1",
              "kubernetes.io/cluster/kops.lnchub.com": "owned"
            },
            "type": "gp2"
          },
          "private": "bnVsbA=="
        }
      ]
    },
    {
      "mode": "managed",
      "type": "aws_iam_instance_profile",
      "name": "masters-kops-lnchub-com",
      "provider": "provider.aws",
      "instances": [
        {
          "schema_version": 0,
          "attributes": {
            "arn": "arn:aws:iam::517778536975:instance-profile/masters.kops.lnchub.com",
            "create_date": "2019-12-10T11:33:17Z",
            "id": "masters.kops.lnchub.com",
            "name": "masters.kops.lnchub.com",
            "name_prefix": null,
            "path": "/",
            "role": "masters.kops.lnchub.com",
            "roles": [],
            "unique_id": "AIPAXRDQBPIHY5AIQWLK4"
          },
          "private": "bnVsbA==",
          "dependencies": [
            "aws_iam_role.masters-kops-lnchub-com"
          ]
        }
      ]
    },
    {
      "mode": "managed",
      "type": "aws_iam_instance_profile",
      "name": "nodes-kops-lnchub-com",
      "provider": "provider.aws",
      "instances": [
        {
          "schema_version": 0,
          "attributes": {
            "arn": "arn:aws:iam::517778536975:instance-profile/nodes.kops.lnchub.com",
            "create_date": "2019-12-10T11:33:17Z",
            "id": "nodes.kops.lnchub.com",
            "name": "nodes.kops.lnchub.com",
            "name_prefix": null,
            "path": "/",
            "role": "nodes.kops.lnchub.com",
            "roles": [],
            "unique_id": "AIPAXRDQBPIHVGDLBN5AK"
          },
          "private": "bnVsbA==",
          "dependencies": [
            "aws_iam_role.nodes-kops-lnchub-com"
          ]
        }
      ]
    },
    {
      "mode": "managed",
      "type": "aws_iam_role",
      "name": "masters-kops-lnchub-com",
      "provider": "provider.aws",
      "instances": [
        {
          "schema_version": 0,
          "attributes": {
            "arn": "arn:aws:iam::517778536975:role/masters.kops.lnchub.com",
            "assume_role_policy": "{\"Version\":\"2012-10-17\",\"Statement\":[{\"Effect\":\"Allow\",\"Principal\":{\"Service\":\"ec2.amazonaws.com\"},\"Action\":\"sts:AssumeRole\"}]}",
            "create_date": "2019-12-10T11:33:15Z",
            "description": "",
            "force_detach_policies": false,
            "id": "masters.kops.lnchub.com",
            "max_session_duration": 3600,
            "name": "masters.kops.lnchub.com",
            "name_prefix": null,
            "path": "/",
            "permissions_boundary": null,
            "tags": null,
            "unique_id": "AROAXRDQBPIHU3S3XFFLE"
          },
          "private": "bnVsbA=="
        }
      ]
    },
    {
      "mode": "managed",
      "type": "aws_iam_role",
      "name": "nodes-kops-lnchub-com",
      "provider": "provider.aws",
      "instances": [
        {
          "schema_version": 0,
          "attributes": {
            "arn": "arn:aws:iam::517778536975:role/nodes.kops.lnchub.com",
            "assume_role_policy": "{\"Version\":\"2012-10-17\",\"Statement\":[{\"Effect\":\"Allow\",\"Principal\":{\"Service\":\"ec2.amazonaws.com\"},\"Action\":\"sts:AssumeRole\"}]}",
            "create_date": "2019-12-10T11:33:15Z",
            "description": "",
            "force_detach_policies": false,
            "id": "nodes.kops.lnchub.com",
            "max_session_duration": 3600,
            "name": "nodes.kops.lnchub.com",
            "name_prefix": null,
            "path": "/",
            "permissions_boundary": null,
            "tags": null,
            "unique_id": "AROAXRDQBPIHRF5K5Y2VM"
          },
          "private": "bnVsbA=="
        }
      ]
    },
    {
      "mode": "managed",
      "type": "aws_iam_role_policy",
      "name": "masters-kops-lnchub-com",
      "provider": "provider.aws",
      "instances": [
        {
          "schema_version": 0,
          "attributes": {
            "id": "masters.kops.lnchub.com:masters.kops.lnchub.com",
            "name": "masters.kops.lnchub.com",
            "name_prefix": null,
            "policy": "{\n  \"Version\": \"2012-10-17\",\n  \"Statement\": [\n    {\n      \"Effect\": \"Allow\",\n      \"Action\": [\n        \"ec2:DescribeAccountAttributes\",\n        \"ec2:DescribeInstances\",\n        \"ec2:DescribeInternetGateways\",\n        \"ec2:DescribeRegions\",\n        \"ec2:DescribeRouteTables\",\n        \"ec2:DescribeSecurityGroups\",\n        \"ec2:DescribeSubnets\",\n        \"ec2:DescribeVolumes\"\n      ],\n      \"Resource\": [\n        \"*\"\n      ]\n    },\n    {\n      \"Effect\": \"Allow\",\n      \"Action\": [\n        \"ec2:CreateSecurityGroup\",\n        \"ec2:CreateTags\",\n        \"ec2:CreateVolume\",\n        \"ec2:DescribeVolumesModifications\",\n        \"ec2:ModifyInstanceAttribute\",\n        \"ec2:ModifyVolume\"\n      ],\n      \"Resource\": [\n        \"*\"\n      ]\n    },\n    {\n      \"Effect\": \"Allow\",\n      \"Action\": [\n        \"ec2:AttachVolume\",\n        \"ec2:AuthorizeSecurityGroupIngress\",\n        \"ec2:CreateRoute\",\n        \"ec2:DeleteRoute\",\n        \"ec2:DeleteSecurityGroup\",\n        \"ec2:DeleteVolume\",\n        \"ec2:DetachVolume\",\n        \"ec2:RevokeSecurityGroupIngress\"\n      ],\n      \"Resource\": [\n        \"*\"\n      ],\n      \"Condition\": {\n        \"StringEquals\": {\n          \"ec2:ResourceTag/KubernetesCluster\": \"kops.lnchub.com\"\n        }\n      }\n    },\n    {\n      \"Effect\": \"Allow\",\n      \"Action\": [\n        \"autoscaling:DescribeAutoScalingGroups\",\n        \"autoscaling:DescribeLaunchConfigurations\",\n        \"autoscaling:DescribeTags\",\n        \"ec2:DescribeLaunchTemplateVersions\"\n      ],\n      \"Resource\": [\n        \"*\"\n      ]\n    },\n    {\n      \"Effect\": \"Allow\",\n      \"Action\": [\n        \"autoscaling:SetDesiredCapacity\",\n        \"autoscaling:TerminateInstanceInAutoScalingGroup\",\n        \"autoscaling:UpdateAutoScalingGroup\"\n      ],\n      \"Resource\": [\n        \"*\"\n      ],\n      \"Condition\": {\n        \"StringEquals\": {\n          \"autoscaling:ResourceTag/KubernetesCluster\": \"kops.lnchub.com\"\n        }\n      }\n    },\n    {\n      \"Effect\": \"Allow\",\n      \"Action\": [\n        \"elasticloadbalancing:AddTags\",\n        \"elasticloadbalancing:AttachLoadBalancerToSubnets\",\n        \"elasticloadbalancing:ApplySecurityGroupsToLoadBalancer\",\n        \"elasticloadbalancing:CreateLoadBalancer\",\n        \"elasticloadbalancing:CreateLoadBalancerPolicy\",\n        \"elasticloadbalancing:CreateLoadBalancerListeners\",\n        \"elasticloadbalancing:ConfigureHealthCheck\",\n        \"elasticloadbalancing:DeleteLoadBalancer\",\n        \"elasticloadbalancing:DeleteLoadBalancerListeners\",\n        \"elasticloadbalancing:DescribeLoadBalancers\",\n        \"elasticloadbalancing:DescribeLoadBalancerAttributes\",\n        \"elasticloadbalancing:DetachLoadBalancerFromSubnets\",\n        \"elasticloadbalancing:DeregisterInstancesFromLoadBalancer\",\n        \"elasticloadbalancing:ModifyLoadBalancerAttributes\",\n        \"elasticloadbalancing:RegisterInstancesWithLoadBalancer\",\n        \"elasticloadbalancing:SetLoadBalancerPoliciesForBackendServer\"\n      ],\n      \"Resource\": [\n        \"*\"\n      ]\n    },\n    {\n      \"Effect\": \"Allow\",\n      \"Action\": [\n        \"ec2:DescribeVpcs\",\n        \"elasticloadbalancing:AddTags\",\n        \"elasticloadbalancing:CreateListener\",\n        \"elasticloadbalancing:CreateTargetGroup\",\n        \"elasticloadbalancing:DeleteListener\",\n        \"elasticloadbalancing:DeleteTargetGroup\",\n        \"elasticloadbalancing:DeregisterTargets\",\n        \"elasticloadbalancing:DescribeListeners\",\n        \"elasticloadbalancing:DescribeLoadBalancerPolicies\",\n        \"elasticloadbalancing:DescribeTargetGroups\",\n        \"elasticloadbalancing:DescribeTargetHealth\",\n        \"elasticloadbalancing:ModifyListener\",\n        \"elasticloadbalancing:ModifyTargetGroup\",\n        \"elasticloadbalancing:RegisterTargets\",\n        \"elasticloadbalancing:SetLoadBalancerPoliciesOfListener\"\n      ],\n      \"Resource\": [\n        \"*\"\n      ]\n    },\n    {\n      \"Effect\": \"Allow\",\n      \"Action\": [\n        \"iam:ListServerCertificates\",\n        \"iam:GetServerCertificate\"\n      ],\n      \"Resource\": [\n        \"*\"\n      ]\n    },\n    {\n      \"Effect\": \"Allow\",\n      \"Action\": [\n        \"s3:GetBucketLocation\",\n        \"s3:GetEncryptionConfiguration\",\n        \"s3:ListBucket\"\n      ],\n      \"Resource\": [\n        \"arn:aws:s3:::kops.lnchub.com\"\n      ]\n    },\n    {\n      \"Effect\": \"Allow\",\n      \"Action\": [\n        \"s3:Get*\"\n      ],\n      \"Resource\": \"arn:aws:s3:::kops.lnchub.com/kops.lnchub.com/*\"\n    },\n    {\n      \"Effect\": \"Allow\",\n      \"Action\": [\n        \"s3:GetObject\",\n        \"s3:DeleteObject\",\n        \"s3:PutObject\"\n      ],\n      \"Resource\": \"arn:aws:s3:::kops.lnchub.com/kops.lnchub.com/backups/etcd/main/*\"\n    },\n    {\n      \"Effect\": \"Allow\",\n      \"Action\": [\n        \"s3:GetObject\",\n        \"s3:DeleteObject\",\n        \"s3:PutObject\"\n      ],\n      \"Resource\": \"arn:aws:s3:::kops.lnchub.com/kops.lnchub.com/backups/etcd/events/*\"\n    },\n    {\n      \"Effect\": \"Allow\",\n      \"Action\": [\n        \"route53:ChangeResourceRecordSets\",\n        \"route53:ListResourceRecordSets\",\n        \"route53:GetHostedZone\"\n      ],\n      \"Resource\": [\n        \"arn:aws:route53:::hostedzone/Z0856166S0PIG3FYYW4R\"\n      ]\n    },\n    {\n      \"Effect\": \"Allow\",\n      \"Action\": [\n        \"route53:GetChange\"\n      ],\n      \"Resource\": [\n        \"arn:aws:route53:::change/*\"\n      ]\n    },\n    {\n      \"Effect\": \"Allow\",\n      \"Action\": [\n        \"route53:ListHostedZones\"\n      ],\n      \"Resource\": [\n        \"*\"\n      ]\n    },\n    {\n      \"Effect\": \"Allow\",\n      \"Action\": [\n        \"ecr:GetAuthorizationToken\",\n        \"ecr:BatchCheckLayerAvailability\",\n        \"ecr:GetDownloadUrlForLayer\",\n        \"ecr:GetRepositoryPolicy\",\n        \"ecr:DescribeRepositories\",\n        \"ecr:ListImages\",\n        \"ecr:BatchGetImage\"\n      ],\n      \"Resource\": [\n        \"*\"\n      ]\n    }\n  ]\n}",
            "role": "masters.kops.lnchub.com"
          },
          "private": "bnVsbA==",
          "dependencies": [
            "aws_iam_role.masters-kops-lnchub-com"
          ]
        }
      ]
    },
    {
      "mode": "managed",
      "type": "aws_iam_role_policy",
      "name": "nodes-kops-lnchub-com",
      "provider": "provider.aws",
      "instances": [
        {
          "schema_version": 0,
          "attributes": {
            "id": "nodes.kops.lnchub.com:nodes.kops.lnchub.com",
            "name": "nodes.kops.lnchub.com",
            "name_prefix": null,
            "policy": "{\n  \"Version\": \"2012-10-17\",\n  \"Statement\": [\n    {\n      \"Effect\": \"Allow\",\n      \"Action\": [\n        \"ec2:DescribeInstances\",\n        \"ec2:DescribeRegions\"\n      ],\n      \"Resource\": [\n        \"*\"\n      ]\n    },\n    {\n      \"Effect\": \"Allow\",\n      \"Action\": [\n        \"s3:GetBucketLocation\",\n        \"s3:GetEncryptionConfiguration\",\n        \"s3:ListBucket\"\n      ],\n      \"Resource\": [\n        \"arn:aws:s3:::kops.lnchub.com\"\n      ]\n    },\n    {\n      \"Effect\": \"Allow\",\n      \"Action\": [\n        \"s3:Get*\"\n      ],\n      \"Resource\": [\n        \"arn:aws:s3:::kops.lnchub.com/kops.lnchub.com/addons/*\",\n        \"arn:aws:s3:::kops.lnchub.com/kops.lnchub.com/cluster.spec\",\n        \"arn:aws:s3:::kops.lnchub.com/kops.lnchub.com/config\",\n        \"arn:aws:s3:::kops.lnchub.com/kops.lnchub.com/instancegroup/*\",\n        \"arn:aws:s3:::kops.lnchub.com/kops.lnchub.com/pki/issued/*\",\n        \"arn:aws:s3:::kops.lnchub.com/kops.lnchub.com/pki/private/kube-proxy/*\",\n        \"arn:aws:s3:::kops.lnchub.com/kops.lnchub.com/pki/private/kubelet/*\",\n        \"arn:aws:s3:::kops.lnchub.com/kops.lnchub.com/pki/ssh/*\",\n        \"arn:aws:s3:::kops.lnchub.com/kops.lnchub.com/secrets/dockerconfig\"\n      ]\n    },\n    {\n      \"Effect\": \"Allow\",\n      \"Action\": [\n        \"ecr:GetAuthorizationToken\",\n        \"ecr:BatchCheckLayerAvailability\",\n        \"ecr:GetDownloadUrlForLayer\",\n        \"ecr:GetRepositoryPolicy\",\n        \"ecr:DescribeRepositories\",\n        \"ecr:ListImages\",\n        \"ecr:BatchGetImage\"\n      ],\n      \"Resource\": [\n        \"*\"\n      ]\n    }\n  ]\n}",
            "role": "nodes.kops.lnchub.com"
          },
          "private": "bnVsbA==",
          "dependencies": [
            "aws_iam_role.nodes-kops-lnchub-com"
          ]
        }
      ]
    },
    {
      "mode": "managed",
      "type": "aws_internet_gateway",
      "name": "kops-lnchub-com",
      "provider": "provider.aws",
      "instances": [
        {
          "schema_version": 0,
          "attributes": {
            "id": "igw-03066ef3ca088048e",
            "owner_id": "517778536975",
            "tags": {
              "KubernetesCluster": "kops.lnchub.com",
              "Name": "kops.lnchub.com",
              "kubernetes.io/cluster/kops.lnchub.com": "owned"
            },
            "vpc_id": "vpc-0df976c57c399126b"
          },
          "private": "bnVsbA==",
          "dependencies": [
            "aws_vpc.kops-lnchub-com"
          ]
        }
      ]
    },
    {
      "mode": "managed",
      "type": "aws_key_pair",
      "name": "kubernetes-kops-lnchub-com-55d42b8d68bfa8c37b635fa6a057cc92",
      "provider": "provider.aws",
      "instances": [
        {
          "schema_version": 1,
          "attributes": {
            "fingerprint": "e4:84:4b:23:73:82:cf:47:b9:26:16:f3:dc:7e:5b:ec",
            "id": "kubernetes.kops.lnchub.com-55:d4:2b:8d:68:bf:a8:c3:7b:63:5f:a6:a0:57:cc:92",
            "key_name": "kubernetes.kops.lnchub.com-55:d4:2b:8d:68:bf:a8:c3:7b:63:5f:a6:a0:57:cc:92",
            "key_name_prefix": null,
            "public_key": "ssh-rsa AAAAB3NzaC1yc2EAAAADAQABAAABAQC5ytplfB6lkbD99fh/6KIxV59LwqN0XNc8hpbWWWhF/SlaNgqPkAY9PPbBqpEY7xV5CUCM8MzyfvEGbOdnmA0kUcJOCRzWXlMIpmRi7+e1pB4XsF4Ckov4Byk0FKfHL6VrlyvPGBnyDbHage3K2T0OA3khnlpdOpfmu2jI6QLSS/YPr2A6kynguQzCRRL3GMdJtkaTIpNKJ/z1/wnwnhyaO/EqU6cb9zMGV5fYk8K+Iu50CwF9DuovFuHQY7yVMR2UpU5oJxRLq1XTkCALvH/87mNidLvvpQ5mgjj7csGarQxxK0/PgBEycmfvEDnf8L2q8tsd2P0eFBRUPMipoo2X Keys for acces instaces via SSH"
          },
          "private": "eyJzY2hlbWFfdmVyc2lvbiI6IjEifQ=="
        }
      ]
    },
    {
      "mode": "managed",
      "type": "aws_launch_configuration",
      "name": "master-ap-southeast-1a-masters-kops-lnchub-com",
      "provider": "provider.aws",
      "instances": [
        {
          "schema_version": 0,
          "attributes": {
            "associate_public_ip_address": true,
            "ebs_block_device": [],
            "ebs_optimized": false,
            "enable_monitoring": false,
            "ephemeral_block_device": [],
            "iam_instance_profile": "masters.kops.lnchub.com",
            "id": "master-ap-southeast-1a.masters.kops.lnchub.com-20191210113322569300000002",
            "image_id": "ami-0b07063e12545b6b1",
            "instance_type": "t2.micro",
            "key_name": "kubernetes.kops.lnchub.com-55:d4:2b:8d:68:bf:a8:c3:7b:63:5f:a6:a0:57:cc:92",
            "name": "master-ap-southeast-1a.masters.kops.lnchub.com-20191210113322569300000002",
            "name_prefix": "master-ap-southeast-1a.masters.kops.lnchub.com-",
            "placement_tenancy": null,
            "root_block_device": [
              {
                "delete_on_termination": true,
                "encrypted": false,
                "iops": 0,
                "volume_size": 64,
                "volume_type": "gp2"
              }
            ],
            "security_groups": [
              "sg-09f243a5cabe0fcb2"
            ],
            "spot_price": "",
            "user_data": "ba9f2258d06b686a56327c4100076de4bacbeaed",
            "user_data_base64": null,
            "vpc_classic_link_id": "",
            "vpc_classic_link_security_groups": null
          },
          "private": "bnVsbA==",
          "dependencies": [
            "aws_iam_instance_profile.masters-kops-lnchub-com",
            "aws_iam_role.masters-kops-lnchub-com",
            "aws_key_pair.kubernetes-kops-lnchub-com-55d42b8d68bfa8c37b635fa6a057cc92",
            "aws_security_group.masters-kops-lnchub-com",
            "aws_vpc.kops-lnchub-com"
          ]
        }
      ]
    },
    {
      "mode": "managed",
      "type": "aws_launch_configuration",
      "name": "nodes-kops-lnchub-com",
      "provider": "provider.aws",
      "instances": [
        {
          "schema_version": 0,
          "attributes": {
            "associate_public_ip_address": true,
            "ebs_block_device": [],
            "ebs_optimized": false,
            "enable_monitoring": false,
            "ephemeral_block_device": [],
            "iam_instance_profile": "nodes.kops.lnchub.com",
            "id": "nodes.kops.lnchub.com-20191210113321816000000001",
            "image_id": "ami-0b07063e12545b6b1",
            "instance_type": "t2.micro",
            "key_name": "kubernetes.kops.lnchub.com-55:d4:2b:8d:68:bf:a8:c3:7b:63:5f:a6:a0:57:cc:92",
            "name": "nodes.kops.lnchub.com-20191210113321816000000001",
            "name_prefix": "nodes.kops.lnchub.com-",
            "placement_tenancy": null,
            "root_block_device": [
              {
                "delete_on_termination": true,
                "encrypted": false,
                "iops": 0,
                "volume_size": 128,
                "volume_type": "gp2"
              }
            ],
            "security_groups": [
              "sg-0c78b0084403f7ac9"
            ],
            "spot_price": "",
            "user_data": "7efdd52c5ab2d505cd501c6030b4d948080331b5",
            "user_data_base64": null,
            "vpc_classic_link_id": "",
            "vpc_classic_link_security_groups": null
          },
          "private": "bnVsbA==",
          "dependencies": [
            "aws_iam_instance_profile.nodes-kops-lnchub-com",
            "aws_iam_role.nodes-kops-lnchub-com",
            "aws_key_pair.kubernetes-kops-lnchub-com-55d42b8d68bfa8c37b635fa6a057cc92",
            "aws_security_group.nodes-kops-lnchub-com",
            "aws_vpc.kops-lnchub-com"
          ]
        }
      ]
    },
    {
      "mode": "managed",
      "type": "aws_route",
      "name": "route-0-0-0-0--0",
      "provider": "provider.aws",
      "instances": [
        {
          "schema_version": 0,
          "attributes": {
            "destination_cidr_block": "0.0.0.0/0",
            "destination_ipv6_cidr_block": null,
            "destination_prefix_list_id": "",
            "egress_only_gateway_id": "",
            "gateway_id": "igw-03066ef3ca088048e",
            "id": "r-rtb-0b2f3fec9137a672e1080289494",
            "instance_id": "",
            "instance_owner_id": "",
            "nat_gateway_id": "",
            "network_interface_id": "",
            "origin": "CreateRoute",
            "route_table_id": "rtb-0b2f3fec9137a672e",
            "state": "active",
            "timeouts": null,
            "transit_gateway_id": "",
            "vpc_peering_connection_id": ""
          },
          "private": "eyJlMmJmYjczMC1lY2FhLTExZTYtOGY4OC0zNDM2M2JjN2M0YzAiOnsiY3JlYXRlIjoxMjAwMDAwMDAwMDAsImRlbGV0ZSI6MzAwMDAwMDAwMDAwfX0=",
          "dependencies": [
            "aws_internet_gateway.kops-lnchub-com",
            "aws_route_table.kops-lnchub-com",
            "aws_vpc.kops-lnchub-com"
          ]
        }
      ]
    },
    {
      "mode": "managed",
      "type": "aws_route53_zone_association",
      "name": "kops-lnchub-com",
      "provider": "provider.aws",
      "instances": [
        {
          "schema_version": 0,
          "attributes": {
            "id": "/hostedzone/Z0856166S0PIG3FYYW4R:vpc-0df976c57c399126b",
            "vpc_id": "vpc-0df976c57c399126b",
            "vpc_region": "ap-southeast-1",
            "zone_id": "/hostedzone/Z0856166S0PIG3FYYW4R"
          },
          "private": "bnVsbA==",
          "dependencies": [
            "aws_vpc.kops-lnchub-com"
          ]
        }
      ]
    },
    {
      "mode": "managed",
      "type": "aws_route_table",
      "name": "kops-lnchub-com",
      "provider": "provider.aws",
      "instances": [
        {
          "schema_version": 0,
          "attributes": {
            "id": "rtb-0b2f3fec9137a672e",
            "owner_id": "517778536975",
            "propagating_vgws": [],
            "route": [],
            "tags": {
              "KubernetesCluster": "kops.lnchub.com",
              "Name": "kops.lnchub.com",
              "kubernetes.io/cluster/kops.lnchub.com": "owned",
              "kubernetes.io/kops/role": "public"
            },
            "vpc_id": "vpc-0df976c57c399126b"
          },
          "private": "bnVsbA==",
          "dependencies": [
            "aws_vpc.kops-lnchub-com"
          ]
        }
      ]
    },
    {
      "mode": "managed",
      "type": "aws_route_table_association",
      "name": "ap-southeast-1a-kops-lnchub-com",
      "provider": "provider.aws",
      "instances": [
        {
          "schema_version": 0,
          "attributes": {
            "gateway_id": null,
            "id": "rtbassoc-03b8902ba80d13c14",
            "route_table_id": "rtb-0b2f3fec9137a672e",
            "subnet_id": "subnet-0f02e643572fe74a8"
          },
          "private": "bnVsbA==",
          "dependencies": [
            "aws_route_table.kops-lnchub-com",
            "aws_subnet.ap-southeast-1a-kops-lnchub-com",
            "aws_vpc.kops-lnchub-com"
          ]
        }
      ]
    },
    {
      "mode": "managed",
      "type": "aws_security_group",
      "name": "masters-kops-lnchub-com",
      "provider": "provider.aws",
      "instances": [
        {
          "schema_version": 1,
          "attributes": {
            "arn": "arn:aws:ec2:ap-southeast-1:517778536975:security-group/sg-09f243a5cabe0fcb2",
            "description": "Security group for masters",
            "egress": [],
            "id": "sg-09f243a5cabe0fcb2",
            "ingress": [],
            "name": "masters.kops.lnchub.com",
            "name_prefix": null,
            "owner_id": "517778536975",
            "revoke_rules_on_delete": false,
            "tags": {
              "KubernetesCluster": "kops.lnchub.com",
              "Name": "masters.kops.lnchub.com",
              "kubernetes.io/cluster/kops.lnchub.com": "owned"
            },
            "timeouts": null,
            "vpc_id": "vpc-0df976c57c399126b"
          },
          "private": "eyJlMmJmYjczMC1lY2FhLTExZTYtOGY4OC0zNDM2M2JjN2M0YzAiOnsiY3JlYXRlIjo2MDAwMDAwMDAwMDAsImRlbGV0ZSI6NjAwMDAwMDAwMDAwfSwic2NoZW1hX3ZlcnNpb24iOiIxIn0=",
          "dependencies": [
            "aws_vpc.kops-lnchub-com"
          ]
        }
      ]
    },
    {
      "mode": "managed",
      "type": "aws_security_group",
      "name": "nodes-kops-lnchub-com",
      "provider": "provider.aws",
      "instances": [
        {
          "schema_version": 1,
          "attributes": {
            "arn": "arn:aws:ec2:ap-southeast-1:517778536975:security-group/sg-0c78b0084403f7ac9",
            "description": "Security group for nodes",
            "egress": [],
            "id": "sg-0c78b0084403f7ac9",
            "ingress": [],
            "name": "nodes.kops.lnchub.com",
            "name_prefix": null,
            "owner_id": "517778536975",
            "revoke_rules_on_delete": false,
            "tags": {
              "KubernetesCluster": "kops.lnchub.com",
              "Name": "nodes.kops.lnchub.com",
              "kubernetes.io/cluster/kops.lnchub.com": "owned"
            },
            "timeouts": null,
            "vpc_id": "vpc-0df976c57c399126b"
          },
          "private": "eyJlMmJmYjczMC1lY2FhLTExZTYtOGY4OC0zNDM2M2JjN2M0YzAiOnsiY3JlYXRlIjo2MDAwMDAwMDAwMDAsImRlbGV0ZSI6NjAwMDAwMDAwMDAwfSwic2NoZW1hX3ZlcnNpb24iOiIxIn0=",
          "dependencies": [
            "aws_vpc.kops-lnchub-com"
          ]
        }
      ]
    },
    {
      "mode": "managed",
      "type": "aws_security_group_rule",
      "name": "all-master-to-master",
      "provider": "provider.aws",
      "instances": [
        {
          "schema_version": 2,
          "attributes": {
            "cidr_blocks": null,
            "description": null,
            "from_port": 0,
            "id": "sgrule-775850515",
            "ipv6_cidr_blocks": null,
            "prefix_list_ids": null,
            "protocol": "-1",
            "security_group_id": "sg-09f243a5cabe0fcb2",
            "self": false,
            "source_security_group_id": "sg-09f243a5cabe0fcb2",
            "to_port": 0,
            "type": "ingress"
          },
          "private": "eyJzY2hlbWFfdmVyc2lvbiI6IjIifQ==",
          "dependencies": [
            "aws_security_group.masters-kops-lnchub-com",
            "aws_vpc.kops-lnchub-com"
          ]
        }
      ]
    },
    {
      "mode": "managed",
      "type": "aws_security_group_rule",
      "name": "all-master-to-node",
      "provider": "provider.aws",
      "instances": [
        {
          "schema_version": 2,
          "attributes": {
            "cidr_blocks": null,
            "description": null,
            "from_port": 0,
            "id": "sgrule-1742190634",
            "ipv6_cidr_blocks": null,
            "prefix_list_ids": null,
            "protocol": "-1",
            "security_group_id": "sg-0c78b0084403f7ac9",
            "self": false,
            "source_security_group_id": "sg-09f243a5cabe0fcb2",
            "to_port": 0,
            "type": "ingress"
          },
          "private": "eyJzY2hlbWFfdmVyc2lvbiI6IjIifQ==",
          "dependencies": [
            "aws_security_group.masters-kops-lnchub-com",
            "aws_security_group.nodes-kops-lnchub-com",
            "aws_vpc.kops-lnchub-com"
          ]
        }
      ]
    },
    {
      "mode": "managed",
      "type": "aws_security_group_rule",
      "name": "all-node-to-node",
      "provider": "provider.aws",
      "instances": [
        {
          "schema_version": 2,
          "attributes": {
            "cidr_blocks": null,
            "description": null,
            "from_port": 0,
            "id": "sgrule-3395611675",
            "ipv6_cidr_blocks": null,
            "prefix_list_ids": null,
            "protocol": "-1",
            "security_group_id": "sg-0c78b0084403f7ac9",
            "self": false,
            "source_security_group_id": "sg-0c78b0084403f7ac9",
            "to_port": 0,
            "type": "ingress"
          },
          "private": "eyJzY2hlbWFfdmVyc2lvbiI6IjIifQ==",
          "dependencies": [
            "aws_security_group.nodes-kops-lnchub-com",
            "aws_vpc.kops-lnchub-com"
          ]
        }
      ]
    },
    {
      "mode": "managed",
      "type": "aws_security_group_rule",
      "name": "https-external-to-master-0-0-0-0--0",
      "provider": "provider.aws",
      "instances": [
        {
          "schema_version": 2,
          "attributes": {
            "cidr_blocks": [
              "0.0.0.0/0"
            ],
            "description": null,
            "from_port": 443,
            "id": "sgrule-399833645",
            "ipv6_cidr_blocks": null,
            "prefix_list_ids": null,
            "protocol": "tcp",
            "security_group_id": "sg-09f243a5cabe0fcb2",
            "self": false,
            "source_security_group_id": null,
            "to_port": 443,
            "type": "ingress"
          },
          "private": "eyJzY2hlbWFfdmVyc2lvbiI6IjIifQ==",
          "dependencies": [
            "aws_security_group.masters-kops-lnchub-com",
            "aws_vpc.kops-lnchub-com"
          ]
        }
      ]
    },
    {
      "mode": "managed",
      "type": "aws_security_group_rule",
      "name": "master-egress",
      "provider": "provider.aws",
      "instances": [
        {
          "schema_version": 2,
          "attributes": {
            "cidr_blocks": [
              "0.0.0.0/0"
            ],
            "description": null,
            "from_port": 0,
            "id": "sgrule-2111805844",
            "ipv6_cidr_blocks": null,
            "prefix_list_ids": null,
            "protocol": "-1",
            "security_group_id": "sg-09f243a5cabe0fcb2",
            "self": false,
            "source_security_group_id": null,
            "to_port": 0,
            "type": "egress"
          },
          "private": "eyJzY2hlbWFfdmVyc2lvbiI6IjIifQ==",
          "dependencies": [
            "aws_security_group.masters-kops-lnchub-com",
            "aws_vpc.kops-lnchub-com"
          ]
        }
      ]
    },
    {
      "mode": "managed",
      "type": "aws_security_group_rule",
      "name": "node-egress",
      "provider": "provider.aws",
      "instances": [
        {
          "schema_version": 2,
          "attributes": {
            "cidr_blocks": [
              "0.0.0.0/0"
            ],
            "description": null,
            "from_port": 0,
            "id": "sgrule-2450604183",
            "ipv6_cidr_blocks": null,
            "prefix_list_ids": null,
            "protocol": "-1",
            "security_group_id": "sg-0c78b0084403f7ac9",
            "self": false,
            "source_security_group_id": null,
            "to_port": 0,
            "type": "egress"
          },
          "private": "eyJzY2hlbWFfdmVyc2lvbiI6IjIifQ==",
          "dependencies": [
            "aws_security_group.nodes-kops-lnchub-com",
            "aws_vpc.kops-lnchub-com"
          ]
        }
      ]
    },
    {
      "mode": "managed",
      "type": "aws_security_group_rule",
      "name": "node-to-master-tcp-1-2379",
      "provider": "provider.aws",
      "instances": [
        {
          "schema_version": 2,
          "attributes": {
            "cidr_blocks": null,
            "description": null,
            "from_port": 1,
            "id": "sgrule-292334738",
            "ipv6_cidr_blocks": null,
            "prefix_list_ids": null,
            "protocol": "tcp",
            "security_group_id": "sg-09f243a5cabe0fcb2",
            "self": false,
            "source_security_group_id": "sg-0c78b0084403f7ac9",
            "to_port": 2379,
            "type": "ingress"
          },
          "private": "eyJzY2hlbWFfdmVyc2lvbiI6IjIifQ==",
          "dependencies": [
            "aws_security_group.masters-kops-lnchub-com",
            "aws_security_group.nodes-kops-lnchub-com",
            "aws_vpc.kops-lnchub-com"
          ]
        }
      ]
    },
    {
      "mode": "managed",
      "type": "aws_security_group_rule",
      "name": "node-to-master-tcp-2382-4000",
      "provider": "provider.aws",
      "instances": [
        {
          "schema_version": 2,
          "attributes": {
            "cidr_blocks": null,
            "description": null,
            "from_port": 2382,
            "id": "sgrule-2303746280",
            "ipv6_cidr_blocks": null,
            "prefix_list_ids": null,
            "protocol": "tcp",
            "security_group_id": "sg-09f243a5cabe0fcb2",
            "self": false,
            "source_security_group_id": "sg-0c78b0084403f7ac9",
            "to_port": 4000,
            "type": "ingress"
          },
          "private": "eyJzY2hlbWFfdmVyc2lvbiI6IjIifQ==",
          "dependencies": [
            "aws_security_group.masters-kops-lnchub-com",
            "aws_security_group.nodes-kops-lnchub-com",
            "aws_vpc.kops-lnchub-com"
          ]
        }
      ]
    },
    {
      "mode": "managed",
      "type": "aws_security_group_rule",
      "name": "node-to-master-tcp-4003-65535",
      "provider": "provider.aws",
      "instances": [
        {
          "schema_version": 2,
          "attributes": {
            "cidr_blocks": null,
            "description": null,
            "from_port": 4003,
            "id": "sgrule-1572665680",
            "ipv6_cidr_blocks": null,
            "prefix_list_ids": null,
            "protocol": "tcp",
            "security_group_id": "sg-09f243a5cabe0fcb2",
            "self": false,
            "source_security_group_id": "sg-0c78b0084403f7ac9",
            "to_port": 65535,
            "type": "ingress"
          },
          "private": "eyJzY2hlbWFfdmVyc2lvbiI6IjIifQ==",
          "dependencies": [
            "aws_security_group.masters-kops-lnchub-com",
            "aws_security_group.nodes-kops-lnchub-com",
            "aws_vpc.kops-lnchub-com"
          ]
        }
      ]
    },
    {
      "mode": "managed",
      "type": "aws_security_group_rule",
      "name": "node-to-master-udp-1-65535",
      "provider": "provider.aws",
      "instances": [
        {
          "schema_version": 2,
          "attributes": {
            "cidr_blocks": null,
            "description": null,
            "from_port": 1,
            "id": "sgrule-1889290382",
            "ipv6_cidr_blocks": null,
            "prefix_list_ids": null,
            "protocol": "udp",
            "security_group_id": "sg-09f243a5cabe0fcb2",
            "self": false,
            "source_security_group_id": "sg-0c78b0084403f7ac9",
            "to_port": 65535,
            "type": "ingress"
          },
          "private": "eyJzY2hlbWFfdmVyc2lvbiI6IjIifQ==",
          "dependencies": [
            "aws_security_group.masters-kops-lnchub-com",
            "aws_security_group.nodes-kops-lnchub-com",
            "aws_vpc.kops-lnchub-com"
          ]
        }
      ]
    },
    {
      "mode": "managed",
      "type": "aws_security_group_rule",
      "name": "ssh-external-to-master-0-0-0-0--0",
      "provider": "provider.aws",
      "instances": [
        {
          "schema_version": 2,
          "attributes": {
            "cidr_blocks": [
              "0.0.0.0/0"
            ],
            "description": null,
            "from_port": 22,
            "id": "sgrule-2130254574",
            "ipv6_cidr_blocks": null,
            "prefix_list_ids": null,
            "protocol": "tcp",
            "security_group_id": "sg-09f243a5cabe0fcb2",
            "self": false,
            "source_security_group_id": null,
            "to_port": 22,
            "type": "ingress"
          },
          "private": "eyJzY2hlbWFfdmVyc2lvbiI6IjIifQ==",
          "dependencies": [
            "aws_security_group.masters-kops-lnchub-com",
            "aws_vpc.kops-lnchub-com"
          ]
        }
      ]
    },
    {
      "mode": "managed",
      "type": "aws_security_group_rule",
      "name": "ssh-external-to-node-0-0-0-0--0",
      "provider": "provider.aws",
      "instances": [
        {
          "schema_version": 2,
          "attributes": {
            "cidr_blocks": [
              "0.0.0.0/0"
            ],
            "description": null,
            "from_port": 22,
            "id": "sgrule-1330345041",
            "ipv6_cidr_blocks": null,
            "prefix_list_ids": null,
            "protocol": "tcp",
            "security_group_id": "sg-0c78b0084403f7ac9",
            "self": false,
            "source_security_group_id": null,
            "to_port": 22,
            "type": "ingress"
          },
          "private": "eyJzY2hlbWFfdmVyc2lvbiI6IjIifQ==",
          "dependencies": [
            "aws_security_group.nodes-kops-lnchub-com",
            "aws_vpc.kops-lnchub-com"
          ]
        }
      ]
    },
    {
      "mode": "managed",
      "type": "aws_subnet",
      "name": "ap-southeast-1a-kops-lnchub-com",
      "provider": "provider.aws",
      "instances": [
        {
          "schema_version": 1,
          "attributes": {
            "arn": "arn:aws:ec2:ap-southeast-1:517778536975:subnet/subnet-0f02e643572fe74a8",
            "assign_ipv6_address_on_creation": false,
            "availability_zone": "ap-southeast-1a",
            "availability_zone_id": "apse1-az1",
            "cidr_block": "172.20.32.0/19",
            "id": "subnet-0f02e643572fe74a8",
            "ipv6_cidr_block": "",
            "ipv6_cidr_block_association_id": "",
            "map_public_ip_on_launch": false,
            "owner_id": "517778536975",
            "tags": {
              "KubernetesCluster": "kops.lnchub.com",
              "Name": "ap-southeast-1a.kops.lnchub.com",
              "SubnetType": "Public",
              "kubernetes.io/cluster/kops.lnchub.com": "owned",
              "kubernetes.io/role/elb": "1"
            },
            "timeouts": null,
            "vpc_id": "vpc-0df976c57c399126b"
          },
          "private": "eyJlMmJmYjczMC1lY2FhLTExZTYtOGY4OC0zNDM2M2JjN2M0YzAiOnsiY3JlYXRlIjo2MDAwMDAwMDAwMDAsImRlbGV0ZSI6MTIwMDAwMDAwMDAwMH0sInNjaGVtYV92ZXJzaW9uIjoiMSJ9",
          "dependencies": [
            "aws_vpc.kops-lnchub-com"
          ]
        }
      ]
    },
    {
      "mode": "managed",
      "type": "aws_vpc",
      "name": "kops-lnchub-com",
      "provider": "provider.aws",
      "instances": [
        {
          "schema_version": 1,
          "attributes": {
            "arn": "arn:aws:ec2:ap-southeast-1:517778536975:vpc/vpc-0df976c57c399126b",
            "assign_generated_ipv6_cidr_block": false,
            "cidr_block": "172.20.0.0/16",
            "default_network_acl_id": "acl-0f30be218bc9d8f1b",
            "default_route_table_id": "rtb-0543bdc4784c15e45",
            "default_security_group_id": "sg-0388de0632695d82b",
            "dhcp_options_id": "dopt-b4cbc8d3",
            "enable_classiclink": false,
            "enable_classiclink_dns_support": false,
            "enable_dns_hostnames": true,
            "enable_dns_support": true,
            "id": "vpc-0df976c57c399126b",
            "instance_tenancy": "default",
            "ipv6_association_id": "",
            "ipv6_cidr_block": "",
            "main_route_table_id": "rtb-0543bdc4784c15e45",
            "owner_id": "517778536975",
            "tags": {
              "KubernetesCluster": "kops.lnchub.com",
              "Name": "kops.lnchub.com",
              "kubernetes.io/cluster/kops.lnchub.com": "owned"
            }
          },
          "private": "eyJzY2hlbWFfdmVyc2lvbiI6IjEifQ=="
        }
      ]
    },
    {
      "mode": "managed",
      "type": "aws_vpc_dhcp_options",
      "name": "kops-lnchub-com",
      "provider": "provider.aws",
      "instances": [
        {
          "schema_version": 0,
          "attributes": {
            "domain_name": "ap-southeast-1.compute.internal",
            "domain_name_servers": [
              "AmazonProvidedDNS"
            ],
            "id": "dopt-035f566b13001313c",
            "netbios_name_servers": null,
            "netbios_node_type": null,
            "ntp_servers": null,
            "owner_id": "517778536975",
            "tags": {
              "KubernetesCluster": "kops.lnchub.com",
              "Name": "kops.lnchub.com",
              "kubernetes.io/cluster/kops.lnchub.com": "owned"
            }
          },
          "private": "bnVsbA=="
        }
      ]
    },
    {
      "mode": "managed",
      "type": "aws_vpc_dhcp_options_association",
      "name": "kops-lnchub-com",
      "provider": "provider.aws",
      "instances": [
        {
          "schema_version": 0,
          "attributes": {
            "dhcp_options_id": "dopt-035f566b13001313c",
            "id": "dopt-035f566b13001313c-vpc-0df976c57c399126b",
            "vpc_id": "vpc-0df976c57c399126b"
          },
          "private": "bnVsbA==",
          "dependencies": [
            "aws_vpc.kops-lnchub-com",
            "aws_vpc_dhcp_options.kops-lnchub-com"
          ]
        }
      ]
    }
  ]
}
